// !$*UTF8*$!
{
	archiveVersion = 1;
	classes = {
	};
	objectVersion = 46;
	objects = {

/* Begin PBXBuildFile section */
		110A55191811FFEC00C372E3 /* Foundation.framework in Frameworks */ = {isa = PBXBuildFile; fileRef = 110A55181811FFEC00C372E3 /* Foundation.framework */; };
		110A551B1811FFEC00C372E3 /* CoreGraphics.framework in Frameworks */ = {isa = PBXBuildFile; fileRef = 110A551A1811FFEC00C372E3 /* CoreGraphics.framework */; };
		110A551D1811FFEC00C372E3 /* UIKit.framework in Frameworks */ = {isa = PBXBuildFile; fileRef = 110A551C1811FFEC00C372E3 /* UIKit.framework */; };
		110A55231811FFEC00C372E3 /* InfoPlist.strings in Resources */ = {isa = PBXBuildFile; fileRef = 110A55211811FFEC00C372E3 /* InfoPlist.strings */; };
		110A55251811FFEC00C372E3 /* main.m in Sources */ = {isa = PBXBuildFile; fileRef = 110A55241811FFEC00C372E3 /* main.m */; };
		110A55291811FFEC00C372E3 /* AppDelegate.m in Sources */ = {isa = PBXBuildFile; fileRef = 110A55281811FFEC00C372E3 /* AppDelegate.m */; };
		110A552C1811FFEC00C372E3 /* Main.storyboard in Resources */ = {isa = PBXBuildFile; fileRef = 110A552A1811FFEC00C372E3 /* Main.storyboard */; };
		110A552F1811FFEC00C372E3 /* ViewController.m in Sources */ = {isa = PBXBuildFile; fileRef = 110A552E1811FFEC00C372E3 /* ViewController.m */; };
		110A55311811FFEC00C372E3 /* Images.xcassets in Resources */ = {isa = PBXBuildFile; fileRef = 110A55301811FFEC00C372E3 /* Images.xcassets */; };
		110A55381811FFEC00C372E3 /* XCTest.framework in Frameworks */ = {isa = PBXBuildFile; fileRef = 110A55371811FFEC00C372E3 /* XCTest.framework */; };
		110A55391811FFEC00C372E3 /* Foundation.framework in Frameworks */ = {isa = PBXBuildFile; fileRef = 110A55181811FFEC00C372E3 /* Foundation.framework */; };
		110A553A1811FFEC00C372E3 /* UIKit.framework in Frameworks */ = {isa = PBXBuildFile; fileRef = 110A551C1811FFEC00C372E3 /* UIKit.framework */; };
		110A55421811FFEC00C372E3 /* InfoPlist.strings in Resources */ = {isa = PBXBuildFile; fileRef = 110A55401811FFEC00C372E3 /* InfoPlist.strings */; };
		110A55441811FFEC00C372E3 /* VaccinationsTests.m in Sources */ = {isa = PBXBuildFile; fileRef = 110A55431811FFEC00C372E3 /* VaccinationsTests.m */; };
		110A554F1812040F00C372E3 /* MenuViewController.m in Sources */ = {isa = PBXBuildFile; fileRef = 110A554E1812040F00C372E3 /* MenuViewController.m */; };
		112BD0A11817226B0041AF00 /* MessageUI.framework in Frameworks */ = {isa = PBXBuildFile; fileRef = 112BD0A01817226B0041AF00 /* MessageUI.framework */; };
		112BD0A418172B680041AF00 /* VaccinesDueListVC.m in Sources */ = {isa = PBXBuildFile; fileRef = 112BD0A318172B680041AF00 /* VaccinesDueListVC.m */; };
		112BD0A7181784050041AF00 /* PatientsHistoryListVC.m in Sources */ = {isa = PBXBuildFile; fileRef = 112BD0A6181784050041AF00 /* PatientsHistoryListVC.m */; };
		112BD0AA181787370041AF00 /* VaccineScheduleListVC.m in Sources */ = {isa = PBXBuildFile; fileRef = 112BD0A9181787370041AF00 /* VaccineScheduleListVC.m */; };
		113E43601815FCAA00D803C6 /* Logo.png in Resources */ = {isa = PBXBuildFile; fileRef = 113E435F1815FCAA00D803C6 /* Logo.png */; };
		115E029418136A5400937F3B /* ForgotViewController.m in Sources */ = {isa = PBXBuildFile; fileRef = 115E029318136A5400937F3B /* ForgotViewController.m */; };
		115E029818136E3000937F3B /* QRScanViewController.m in Sources */ = {isa = PBXBuildFile; fileRef = 115E029718136E3000937F3B /* QRScanViewController.m */; };
		115E029B18136E4100937F3B /* SearchViewController.m in Sources */ = {isa = PBXBuildFile; fileRef = 115E029A18136E4100937F3B /* SearchViewController.m */; };
		115E029E1813705400937F3B /* CreateNewViewController.m in Sources */ = {isa = PBXBuildFile; fileRef = 115E029D1813705400937F3B /* CreateNewViewController.m */; };
		115E02A11813707A00937F3B /* ScanViewController.m in Sources */ = {isa = PBXBuildFile; fileRef = 115E02A01813707A00937F3B /* ScanViewController.m */; };
		115E02A41813731B00937F3B /* ChildListViewController.m in Sources */ = {isa = PBXBuildFile; fileRef = 115E02A31813731B00937F3B /* ChildListViewController.m */; };
		1160AD6F1812EEF0004C9D96 /* bottombar-lightblue.png in Resources */ = {isa = PBXBuildFile; fileRef = 1160AD5E1812EEF0004C9D96 /* bottombar-lightblue.png */; };
		1160AD701812EEF0004C9D96 /* box-unchecked.png in Resources */ = {isa = PBXBuildFile; fileRef = 1160AD5F1812EEF0004C9D96 /* box-unchecked.png */; };
		1160AD711812EEF0004C9D96 /* button-login.png in Resources */ = {isa = PBXBuildFile; fileRef = 1160AD601812EEF0004C9D96 /* button-login.png */; };
		1160AD721812EEF0004C9D96 /* button-search.png in Resources */ = {isa = PBXBuildFile; fileRef = 1160AD611812EEF0004C9D96 /* button-search.png */; };
		1160AD731812EEF0004C9D96 /* checkmark-green.png in Resources */ = {isa = PBXBuildFile; fileRef = 1160AD621812EEF0004C9D96 /* checkmark-green.png */; };
		1160AD741812EEF0004C9D96 /* contentbox.png in Resources */ = {isa = PBXBuildFile; fileRef = 1160AD631812EEF0004C9D96 /* contentbox.png */; };
		1160AD751812EEF0004C9D96 /* labelbar-green.png in Resources */ = {isa = PBXBuildFile; fileRef = 1160AD641812EEF0004C9D96 /* labelbar-green.png */; };
		1160AD761812EEF0004C9D96 /* logo-large.png in Resources */ = {isa = PBXBuildFile; fileRef = 1160AD651812EEF0004C9D96 /* logo-large.png */; };
		1160AD771812EEF0004C9D96 /* logo-small.png in Resources */ = {isa = PBXBuildFile; fileRef = 1160AD661812EEF0004C9D96 /* logo-small.png */; };
		11C3BAF01815EE6600F25C2A /* navbutton-createnew.png in Resources */ = {isa = PBXBuildFile; fileRef = 11C3BAE71815EE6600F25C2A /* navbutton-createnew.png */; };
		11C3BAF11815EE6600F25C2A /* navbutton-patienthistory.png in Resources */ = {isa = PBXBuildFile; fileRef = 11C3BAE81815EE6600F25C2A /* navbutton-patienthistory.png */; };
		11C3BAF21815EE6600F25C2A /* navbutton-scancode.png in Resources */ = {isa = PBXBuildFile; fileRef = 11C3BAE91815EE6600F25C2A /* navbutton-scancode.png */; };
		11C3BAF31815EE6600F25C2A /* navbutton-scannew.png in Resources */ = {isa = PBXBuildFile; fileRef = 11C3BAEA1815EE6600F25C2A /* navbutton-scannew.png */; };
		11C3BAF41815EE6600F25C2A /* navbutton-scanrecord.png in Resources */ = {isa = PBXBuildFile; fileRef = 11C3BAEB1815EE6600F25C2A /* navbutton-scanrecord.png */; };
		11C3BAF51815EE6600F25C2A /* navbutton-search.png in Resources */ = {isa = PBXBuildFile; fileRef = 11C3BAEC1815EE6600F25C2A /* navbutton-search.png */; };
		11C3BAF61815EE6600F25C2A /* navbutton-vaccineschedule.png in Resources */ = {isa = PBXBuildFile; fileRef = 11C3BAED1815EE6600F25C2A /* navbutton-vaccineschedule.png */; };
		11C3BAF71815EE6600F25C2A /* navbutton-vaccinesdue.png in Resources */ = {isa = PBXBuildFile; fileRef = 11C3BAEE1815EE6600F25C2A /* navbutton-vaccinesdue.png */; };
		11C3BAF81815EE6600F25C2A /* white.jpg in Resources */ = {isa = PBXBuildFile; fileRef = 11C3BAEF1815EE6600F25C2A /* white.jpg */; };
		4A8E51E942ED4DA6BB730E31 /* libPods.a in Frameworks */ = {isa = PBXBuildFile; fileRef = 99DF7E7E53EE43E09BF951C0 /* libPods.a */; };
		A0133213182096A300D41D61 /* ChildSearchContainerVC.m in Sources */ = {isa = PBXBuildFile; fileRef = A0133212182096A300D41D61 /* ChildSearchContainerVC.m */; };
		A06FDB8518137A3900212BA1 /* ChildDetailsViewController.m in Sources */ = {isa = PBXBuildFile; fileRef = A06FDB8418137A3900212BA1 /* ChildDetailsViewController.m */; };
		D318CDB318198C650026DE8F /* ID-10072640.jpg in Resources */ = {isa = PBXBuildFile; fileRef = D318CDB218198C650026DE8F /* ID-10072640.jpg */; };
/* End PBXBuildFile section */

/* Begin PBXContainerItemProxy section */
		110A553B1811FFEC00C372E3 /* PBXContainerItemProxy */ = {
			isa = PBXContainerItemProxy;
			containerPortal = 110A550D1811FFEC00C372E3 /* Project object */;
			proxyType = 1;
			remoteGlobalIDString = 110A55141811FFEC00C372E3;
			remoteInfo = Vaccinations;
		};
/* End PBXContainerItemProxy section */

/* Begin PBXFileReference section */
		110A55151811FFEC00C372E3 /* Vaccinations.app */ = {isa = PBXFileReference; explicitFileType = wrapper.application; includeInIndex = 0; path = Vaccinations.app; sourceTree = BUILT_PRODUCTS_DIR; };
		110A55181811FFEC00C372E3 /* Foundation.framework */ = {isa = PBXFileReference; lastKnownFileType = wrapper.framework; name = Foundation.framework; path = System/Library/Frameworks/Foundation.framework; sourceTree = SDKROOT; };
		110A551A1811FFEC00C372E3 /* CoreGraphics.framework */ = {isa = PBXFileReference; lastKnownFileType = wrapper.framework; name = CoreGraphics.framework; path = System/Library/Frameworks/CoreGraphics.framework; sourceTree = SDKROOT; };
		110A551C1811FFEC00C372E3 /* UIKit.framework */ = {isa = PBXFileReference; lastKnownFileType = wrapper.framework; name = UIKit.framework; path = System/Library/Frameworks/UIKit.framework; sourceTree = SDKROOT; };
		110A55201811FFEC00C372E3 /* Vaccinations-Info.plist */ = {isa = PBXFileReference; lastKnownFileType = text.plist.xml; path = "Vaccinations-Info.plist"; sourceTree = "<group>"; };
		110A55221811FFEC00C372E3 /* en */ = {isa = PBXFileReference; lastKnownFileType = text.plist.strings; name = en; path = en.lproj/InfoPlist.strings; sourceTree = "<group>"; };
		110A55241811FFEC00C372E3 /* main.m */ = {isa = PBXFileReference; lastKnownFileType = sourcecode.c.objc; path = main.m; sourceTree = "<group>"; };
		110A55261811FFEC00C372E3 /* Vaccinations-Prefix.pch */ = {isa = PBXFileReference; lastKnownFileType = sourcecode.c.h; path = "Vaccinations-Prefix.pch"; sourceTree = "<group>"; };
		110A55271811FFEC00C372E3 /* AppDelegate.h */ = {isa = PBXFileReference; lastKnownFileType = sourcecode.c.h; path = AppDelegate.h; sourceTree = "<group>"; };
		110A55281811FFEC00C372E3 /* AppDelegate.m */ = {isa = PBXFileReference; lastKnownFileType = sourcecode.c.objc; path = AppDelegate.m; sourceTree = "<group>"; };
		110A552B1811FFEC00C372E3 /* Base */ = {isa = PBXFileReference; lastKnownFileType = file.storyboard; name = Base; path = Base.lproj/Main.storyboard; sourceTree = "<group>"; };
		110A552D1811FFEC00C372E3 /* ViewController.h */ = {isa = PBXFileReference; lastKnownFileType = sourcecode.c.h; path = ViewController.h; sourceTree = "<group>"; };
		110A552E1811FFEC00C372E3 /* ViewController.m */ = {isa = PBXFileReference; lastKnownFileType = sourcecode.c.objc; path = ViewController.m; sourceTree = "<group>"; };
		110A55301811FFEC00C372E3 /* Images.xcassets */ = {isa = PBXFileReference; lastKnownFileType = folder.assetcatalog; path = Images.xcassets; sourceTree = "<group>"; };
		110A55361811FFEC00C372E3 /* VaccinationsTests.xctest */ = {isa = PBXFileReference; explicitFileType = wrapper.cfbundle; includeInIndex = 0; path = VaccinationsTests.xctest; sourceTree = BUILT_PRODUCTS_DIR; };
		110A55371811FFEC00C372E3 /* XCTest.framework */ = {isa = PBXFileReference; lastKnownFileType = wrapper.framework; name = XCTest.framework; path = Library/Frameworks/XCTest.framework; sourceTree = DEVELOPER_DIR; };
		110A553F1811FFEC00C372E3 /* VaccinationsTests-Info.plist */ = {isa = PBXFileReference; lastKnownFileType = text.plist.xml; path = "VaccinationsTests-Info.plist"; sourceTree = "<group>"; };
		110A55411811FFEC00C372E3 /* en */ = {isa = PBXFileReference; lastKnownFileType = text.plist.strings; name = en; path = en.lproj/InfoPlist.strings; sourceTree = "<group>"; };
		110A55431811FFEC00C372E3 /* VaccinationsTests.m */ = {isa = PBXFileReference; lastKnownFileType = sourcecode.c.objc; path = VaccinationsTests.m; sourceTree = "<group>"; };
		110A554D1812040F00C372E3 /* MenuViewController.h */ = {isa = PBXFileReference; fileEncoding = 4; lastKnownFileType = sourcecode.c.h; name = MenuViewController.h; path = ../MenuViewController.h; sourceTree = "<group>"; };
		110A554E1812040F00C372E3 /* MenuViewController.m */ = {isa = PBXFileReference; fileEncoding = 4; lastKnownFileType = sourcecode.c.objc; name = MenuViewController.m; path = ../MenuViewController.m; sourceTree = "<group>"; };
		112BD0A01817226B0041AF00 /* MessageUI.framework */ = {isa = PBXFileReference; lastKnownFileType = wrapper.framework; name = MessageUI.framework; path = System/Library/Frameworks/MessageUI.framework; sourceTree = SDKROOT; };
		112BD0A218172B680041AF00 /* VaccinesDueListVC.h */ = {isa = PBXFileReference; fileEncoding = 4; lastKnownFileType = sourcecode.c.h; path = VaccinesDueListVC.h; sourceTree = "<group>"; };
		112BD0A318172B680041AF00 /* VaccinesDueListVC.m */ = {isa = PBXFileReference; fileEncoding = 4; lastKnownFileType = sourcecode.c.objc; path = VaccinesDueListVC.m; sourceTree = "<group>"; };
		112BD0A5181784050041AF00 /* PatientsHistoryListVC.h */ = {isa = PBXFileReference; fileEncoding = 4; lastKnownFileType = sourcecode.c.h; path = PatientsHistoryListVC.h; sourceTree = "<group>"; };
		112BD0A6181784050041AF00 /* PatientsHistoryListVC.m */ = {isa = PBXFileReference; fileEncoding = 4; lastKnownFileType = sourcecode.c.objc; path = PatientsHistoryListVC.m; sourceTree = "<group>"; };
		112BD0A8181787370041AF00 /* VaccineScheduleListVC.h */ = {isa = PBXFileReference; fileEncoding = 4; lastKnownFileType = sourcecode.c.h; path = VaccineScheduleListVC.h; sourceTree = "<group>"; };
		112BD0A9181787370041AF00 /* VaccineScheduleListVC.m */ = {isa = PBXFileReference; fileEncoding = 4; lastKnownFileType = sourcecode.c.objc; path = VaccineScheduleListVC.m; sourceTree = "<group>"; };
		113E435F1815FCAA00D803C6 /* Logo.png */ = {isa = PBXFileReference; lastKnownFileType = image.png; path = Logo.png; sourceTree = "<group>"; };
		115E029218136A5400937F3B /* ForgotViewController.h */ = {isa = PBXFileReference; fileEncoding = 4; lastKnownFileType = sourcecode.c.h; path = ForgotViewController.h; sourceTree = "<group>"; };
		115E029318136A5400937F3B /* ForgotViewController.m */ = {isa = PBXFileReference; fileEncoding = 4; lastKnownFileType = sourcecode.c.objc; path = ForgotViewController.m; sourceTree = "<group>"; };
		115E029618136E3000937F3B /* QRScanViewController.h */ = {isa = PBXFileReference; fileEncoding = 4; lastKnownFileType = sourcecode.c.h; path = QRScanViewController.h; sourceTree = "<group>"; };
		115E029718136E3000937F3B /* QRScanViewController.m */ = {isa = PBXFileReference; fileEncoding = 4; lastKnownFileType = sourcecode.c.objc; path = QRScanViewController.m; sourceTree = "<group>"; };
		115E029918136E4100937F3B /* SearchViewController.h */ = {isa = PBXFileReference; fileEncoding = 4; lastKnownFileType = sourcecode.c.h; path = SearchViewController.h; sourceTree = "<group>"; };
		115E029A18136E4100937F3B /* SearchViewController.m */ = {isa = PBXFileReference; fileEncoding = 4; lastKnownFileType = sourcecode.c.objc; path = SearchViewController.m; sourceTree = "<group>"; };
		115E029C1813705400937F3B /* CreateNewViewController.h */ = {isa = PBXFileReference; fileEncoding = 4; lastKnownFileType = sourcecode.c.h; path = CreateNewViewController.h; sourceTree = "<group>"; };
		115E029D1813705400937F3B /* CreateNewViewController.m */ = {isa = PBXFileReference; fileEncoding = 4; lastKnownFileType = sourcecode.c.objc; path = CreateNewViewController.m; sourceTree = "<group>"; };
		115E029F1813707A00937F3B /* ScanViewController.h */ = {isa = PBXFileReference; fileEncoding = 4; lastKnownFileType = sourcecode.c.h; path = ScanViewController.h; sourceTree = "<group>"; };
		115E02A01813707A00937F3B /* ScanViewController.m */ = {isa = PBXFileReference; fileEncoding = 4; lastKnownFileType = sourcecode.c.objc; path = ScanViewController.m; sourceTree = "<group>"; };
		115E02A21813731B00937F3B /* ChildListViewController.h */ = {isa = PBXFileReference; fileEncoding = 4; lastKnownFileType = sourcecode.c.h; path = ChildListViewController.h; sourceTree = "<group>"; };
		115E02A31813731B00937F3B /* ChildListViewController.m */ = {isa = PBXFileReference; fileEncoding = 4; lastKnownFileType = sourcecode.c.objc; path = ChildListViewController.m; sourceTree = "<group>"; };
		1160AD5E1812EEF0004C9D96 /* bottombar-lightblue.png */ = {isa = PBXFileReference; lastKnownFileType = image.png; path = "bottombar-lightblue.png"; sourceTree = "<group>"; };
		1160AD5F1812EEF0004C9D96 /* box-unchecked.png */ = {isa = PBXFileReference; lastKnownFileType = image.png; path = "box-unchecked.png"; sourceTree = "<group>"; };
		1160AD601812EEF0004C9D96 /* button-login.png */ = {isa = PBXFileReference; lastKnownFileType = image.png; path = "button-login.png"; sourceTree = "<group>"; };
		1160AD611812EEF0004C9D96 /* button-search.png */ = {isa = PBXFileReference; lastKnownFileType = image.png; path = "button-search.png"; sourceTree = "<group>"; };
		1160AD621812EEF0004C9D96 /* checkmark-green.png */ = {isa = PBXFileReference; lastKnownFileType = image.png; path = "checkmark-green.png"; sourceTree = "<group>"; };
		1160AD631812EEF0004C9D96 /* contentbox.png */ = {isa = PBXFileReference; lastKnownFileType = image.png; path = contentbox.png; sourceTree = "<group>"; };
		1160AD641812EEF0004C9D96 /* labelbar-green.png */ = {isa = PBXFileReference; lastKnownFileType = image.png; path = "labelbar-green.png"; sourceTree = "<group>"; };
		1160AD651812EEF0004C9D96 /* logo-large.png */ = {isa = PBXFileReference; lastKnownFileType = image.png; path = "logo-large.png"; sourceTree = "<group>"; };
		1160AD661812EEF0004C9D96 /* logo-small.png */ = {isa = PBXFileReference; lastKnownFileType = image.png; path = "logo-small.png"; sourceTree = "<group>"; };
		11C3BAE71815EE6600F25C2A /* navbutton-createnew.png */ = {isa = PBXFileReference; lastKnownFileType = image.png; path = "navbutton-createnew.png"; sourceTree = "<group>"; };
		11C3BAE81815EE6600F25C2A /* navbutton-patienthistory.png */ = {isa = PBXFileReference; lastKnownFileType = image.png; path = "navbutton-patienthistory.png"; sourceTree = "<group>"; };
		11C3BAE91815EE6600F25C2A /* navbutton-scancode.png */ = {isa = PBXFileReference; lastKnownFileType = image.png; path = "navbutton-scancode.png"; sourceTree = "<group>"; };
		11C3BAEA1815EE6600F25C2A /* navbutton-scannew.png */ = {isa = PBXFileReference; lastKnownFileType = image.png; path = "navbutton-scannew.png"; sourceTree = "<group>"; };
		11C3BAEB1815EE6600F25C2A /* navbutton-scanrecord.png */ = {isa = PBXFileReference; lastKnownFileType = image.png; path = "navbutton-scanrecord.png"; sourceTree = "<group>"; };
		11C3BAEC1815EE6600F25C2A /* navbutton-search.png */ = {isa = PBXFileReference; lastKnownFileType = image.png; path = "navbutton-search.png"; sourceTree = "<group>"; };
		11C3BAED1815EE6600F25C2A /* navbutton-vaccineschedule.png */ = {isa = PBXFileReference; lastKnownFileType = image.png; path = "navbutton-vaccineschedule.png"; sourceTree = "<group>"; };
		11C3BAEE1815EE6600F25C2A /* navbutton-vaccinesdue.png */ = {isa = PBXFileReference; lastKnownFileType = image.png; path = "navbutton-vaccinesdue.png"; sourceTree = "<group>"; };
		11C3BAEF1815EE6600F25C2A /* white.jpg */ = {isa = PBXFileReference; lastKnownFileType = image.jpeg; path = white.jpg; sourceTree = "<group>"; };
		6604A4F47389415587BE3DAE /* Pods.xcconfig */ = {isa = PBXFileReference; includeInIndex = 1; lastKnownFileType = text.xcconfig; name = Pods.xcconfig; path = Pods/Pods.xcconfig; sourceTree = "<group>"; };
		99DF7E7E53EE43E09BF951C0 /* libPods.a */ = {isa = PBXFileReference; explicitFileType = archive.ar; includeInIndex = 0; path = libPods.a; sourceTree = BUILT_PRODUCTS_DIR; };
		A0133211182096A300D41D61 /* ChildSearchContainerVC.h */ = {isa = PBXFileReference; fileEncoding = 4; lastKnownFileType = sourcecode.c.h; path = ChildSearchContainerVC.h; sourceTree = "<group>"; };
		A0133212182096A300D41D61 /* ChildSearchContainerVC.m */ = {isa = PBXFileReference; fileEncoding = 4; lastKnownFileType = sourcecode.c.objc; path = ChildSearchContainerVC.m; sourceTree = "<group>"; };
		A06FDB8318137A3900212BA1 /* ChildDetailsViewController.h */ = {isa = PBXFileReference; fileEncoding = 4; lastKnownFileType = sourcecode.c.h; path = ChildDetailsViewController.h; sourceTree = "<group>"; };
		A06FDB8418137A3900212BA1 /* ChildDetailsViewController.m */ = {isa = PBXFileReference; fileEncoding = 4; lastKnownFileType = sourcecode.c.objc; path = ChildDetailsViewController.m; sourceTree = "<group>"; };
		D318CDB218198C650026DE8F /* ID-10072640.jpg */ = {isa = PBXFileReference; lastKnownFileType = image.jpeg; path = "ID-10072640.jpg"; sourceTree = "<group>"; };
/* End PBXFileReference section */

/* Begin PBXFrameworksBuildPhase section */
		110A55121811FFEC00C372E3 /* Frameworks */ = {
			isa = PBXFrameworksBuildPhase;
			buildActionMask = 2147483647;
			files = (
				112BD0A11817226B0041AF00 /* MessageUI.framework in Frameworks */,
				110A551B1811FFEC00C372E3 /* CoreGraphics.framework in Frameworks */,
				110A551D1811FFEC00C372E3 /* UIKit.framework in Frameworks */,
				110A55191811FFEC00C372E3 /* Foundation.framework in Frameworks */,
				4A8E51E942ED4DA6BB730E31 /* libPods.a in Frameworks */,
			);
			runOnlyForDeploymentPostprocessing = 0;
		};
		110A55331811FFEC00C372E3 /* Frameworks */ = {
			isa = PBXFrameworksBuildPhase;
			buildActionMask = 2147483647;
			files = (
				110A55381811FFEC00C372E3 /* XCTest.framework in Frameworks */,
				110A553A1811FFEC00C372E3 /* UIKit.framework in Frameworks */,
				110A55391811FFEC00C372E3 /* Foundation.framework in Frameworks */,
			);
			runOnlyForDeploymentPostprocessing = 0;
		};
/* End PBXFrameworksBuildPhase section */

/* Begin PBXGroup section */
		110A550C1811FFEC00C372E3 = {
			isa = PBXGroup;
			children = (
				110A551E1811FFEC00C372E3 /* Vaccinations */,
				110A553D1811FFEC00C372E3 /* VaccinationsTests */,
				110A55171811FFEC00C372E3 /* Frameworks */,
				110A55161811FFEC00C372E3 /* Products */,
				6604A4F47389415587BE3DAE /* Pods.xcconfig */,
			);
			sourceTree = "<group>";
		};
		110A55161811FFEC00C372E3 /* Products */ = {
			isa = PBXGroup;
			children = (
				110A55151811FFEC00C372E3 /* Vaccinations.app */,
				110A55361811FFEC00C372E3 /* VaccinationsTests.xctest */,
			);
			name = Products;
			sourceTree = "<group>";
		};
		110A55171811FFEC00C372E3 /* Frameworks */ = {
			isa = PBXGroup;
			children = (
				112BD0A01817226B0041AF00 /* MessageUI.framework */,
				110A55181811FFEC00C372E3 /* Foundation.framework */,
				110A551A1811FFEC00C372E3 /* CoreGraphics.framework */,
				110A551C1811FFEC00C372E3 /* UIKit.framework */,
				110A55371811FFEC00C372E3 /* XCTest.framework */,
				99DF7E7E53EE43E09BF951C0 /* libPods.a */,
			);
			name = Frameworks;
			sourceTree = "<group>";
		};
		110A551E1811FFEC00C372E3 /* Vaccinations */ = {
			isa = PBXGroup;
			children = (
				A06FDB8618137BC300212BA1 /* Child Records */,
				115E029518136D1B00937F3B /* Child Search */,
				1160AD5D1812EEF0004C9D96 /* Images */,
				110A5551181204D200C372E3 /* Login */,
				110A5550181204BB00C372E3 /* Menu */,
				110A55271811FFEC00C372E3 /* AppDelegate.h */,
				110A55281811FFEC00C372E3 /* AppDelegate.m */,
				110A552A1811FFEC00C372E3 /* Main.storyboard */,
				110A55301811FFEC00C372E3 /* Images.xcassets */,
				110A551F1811FFEC00C372E3 /* Supporting Files */,
			);
			path = Vaccinations;
			sourceTree = "<group>";
		};
		110A551F1811FFEC00C372E3 /* Supporting Files */ = {
			isa = PBXGroup;
			children = (
				110A55201811FFEC00C372E3 /* Vaccinations-Info.plist */,
				110A55211811FFEC00C372E3 /* InfoPlist.strings */,
				110A55241811FFEC00C372E3 /* main.m */,
				110A55261811FFEC00C372E3 /* Vaccinations-Prefix.pch */,
			);
			name = "Supporting Files";
			sourceTree = "<group>";
		};
		110A553D1811FFEC00C372E3 /* VaccinationsTests */ = {
			isa = PBXGroup;
			children = (
				110A55431811FFEC00C372E3 /* VaccinationsTests.m */,
				110A553E1811FFEC00C372E3 /* Supporting Files */,
			);
			path = VaccinationsTests;
			sourceTree = "<group>";
		};
		110A553E1811FFEC00C372E3 /* Supporting Files */ = {
			isa = PBXGroup;
			children = (
				110A553F1811FFEC00C372E3 /* VaccinationsTests-Info.plist */,
				110A55401811FFEC00C372E3 /* InfoPlist.strings */,
			);
			name = "Supporting Files";
			sourceTree = "<group>";
		};
		110A5550181204BB00C372E3 /* Menu */ = {
			isa = PBXGroup;
			children = (
				110A554D1812040F00C372E3 /* MenuViewController.h */,
				110A554E1812040F00C372E3 /* MenuViewController.m */,
			);
			name = Menu;
			sourceTree = "<group>";
		};
		110A5551181204D200C372E3 /* Login */ = {
			isa = PBXGroup;
			children = (
				115E029218136A5400937F3B /* ForgotViewController.h */,
				115E029318136A5400937F3B /* ForgotViewController.m */,
				110A552D1811FFEC00C372E3 /* ViewController.h */,
				110A552E1811FFEC00C372E3 /* ViewController.m */,
			);
			name = Login;
			sourceTree = "<group>";
		};
		115E029518136D1B00937F3B /* Child Search */ = {
			isa = PBXGroup;
			children = (
				115E029618136E3000937F3B /* QRScanViewController.h */,
				115E029718136E3000937F3B /* QRScanViewController.m */,
				115E029918136E4100937F3B /* SearchViewController.h */,
				115E029A18136E4100937F3B /* SearchViewController.m */,
				115E029C1813705400937F3B /* CreateNewViewController.h */,
				115E029D1813705400937F3B /* CreateNewViewController.m */,
				115E029F1813707A00937F3B /* ScanViewController.h */,
				115E02A01813707A00937F3B /* ScanViewController.m */,
				115E02A21813731B00937F3B /* ChildListViewController.h */,
				115E02A31813731B00937F3B /* ChildListViewController.m */,
				A06FDB8318137A3900212BA1 /* ChildDetailsViewController.h */,
				A06FDB8418137A3900212BA1 /* ChildDetailsViewController.m */,
				A0133211182096A300D41D61 /* ChildSearchContainerVC.h */,
				A0133212182096A300D41D61 /* ChildSearchContainerVC.m */,
			);
			name = "Child Search";
			sourceTree = "<group>";
		};
		1160AD5D1812EEF0004C9D96 /* Images */ = {
			isa = PBXGroup;
			children = (
				D318CDB218198C650026DE8F /* ID-10072640.jpg */,
				113E435F1815FCAA00D803C6 /* Logo.png */,
				11C3BAE61815EE6600F25C2A /* navkeys */,
				1160AD5E1812EEF0004C9D96 /* bottombar-lightblue.png */,
				1160AD5F1812EEF0004C9D96 /* box-unchecked.png */,
				1160AD601812EEF0004C9D96 /* button-login.png */,
				1160AD611812EEF0004C9D96 /* button-search.png */,
				1160AD621812EEF0004C9D96 /* checkmark-green.png */,
				1160AD631812EEF0004C9D96 /* contentbox.png */,
				1160AD641812EEF0004C9D96 /* labelbar-green.png */,
				1160AD651812EEF0004C9D96 /* logo-large.png */,
				1160AD661812EEF0004C9D96 /* logo-small.png */,
			);
			path = Images;
			sourceTree = "<group>";
		};
		11C3BAE61815EE6600F25C2A /* navkeys */ = {
			isa = PBXGroup;
			children = (
				11C3BAE71815EE6600F25C2A /* navbutton-createnew.png */,
				11C3BAE81815EE6600F25C2A /* navbutton-patienthistory.png */,
				11C3BAE91815EE6600F25C2A /* navbutton-scancode.png */,
				11C3BAEA1815EE6600F25C2A /* navbutton-scannew.png */,
				11C3BAEB1815EE6600F25C2A /* navbutton-scanrecord.png */,
				11C3BAEC1815EE6600F25C2A /* navbutton-search.png */,
				11C3BAED1815EE6600F25C2A /* navbutton-vaccineschedule.png */,
				11C3BAEE1815EE6600F25C2A /* navbutton-vaccinesdue.png */,
				11C3BAEF1815EE6600F25C2A /* white.jpg */,
			);
			path = navkeys;
			sourceTree = "<group>";
		};
		A06FDB8618137BC300212BA1 /* Child Records */ = {
			isa = PBXGroup;
			children = (
				112BD0A218172B680041AF00 /* VaccinesDueListVC.h */,
				112BD0A318172B680041AF00 /* VaccinesDueListVC.m */,
				112BD0A5181784050041AF00 /* PatientsHistoryListVC.h */,
				112BD0A6181784050041AF00 /* PatientsHistoryListVC.m */,
				112BD0A8181787370041AF00 /* VaccineScheduleListVC.h */,
				112BD0A9181787370041AF00 /* VaccineScheduleListVC.m */,
			);
			name = "Child Records";
			sourceTree = "<group>";
		};
/* End PBXGroup section */

/* Begin PBXNativeTarget section */
		110A55141811FFEC00C372E3 /* Vaccinations */ = {
			isa = PBXNativeTarget;
			buildConfigurationList = 110A55471811FFEC00C372E3 /* Build configuration list for PBXNativeTarget "Vaccinations" */;
			buildPhases = (
				AC807B26D68E4D2B9D6D1A2B /* Check Pods Manifest.lock */,
				110A55111811FFEC00C372E3 /* Sources */,
				110A55121811FFEC00C372E3 /* Frameworks */,
				110A55131811FFEC00C372E3 /* Resources */,
				B0A2D7BC54074918B50D29D0 /* Copy Pods Resources */,
			);
			buildRules = (
			);
			dependencies = (
			);
			name = Vaccinations;
			productName = Vaccinations;
			productReference = 110A55151811FFEC00C372E3 /* Vaccinations.app */;
			productType = "com.apple.product-type.application";
		};
		110A55351811FFEC00C372E3 /* VaccinationsTests */ = {
			isa = PBXNativeTarget;
			buildConfigurationList = 110A554A1811FFEC00C372E3 /* Build configuration list for PBXNativeTarget "VaccinationsTests" */;
			buildPhases = (
				110A55321811FFEC00C372E3 /* Sources */,
				110A55331811FFEC00C372E3 /* Frameworks */,
				110A55341811FFEC00C372E3 /* Resources */,
			);
			buildRules = (
			);
			dependencies = (
				110A553C1811FFEC00C372E3 /* PBXTargetDependency */,
			);
			name = VaccinationsTests;
			productName = VaccinationsTests;
			productReference = 110A55361811FFEC00C372E3 /* VaccinationsTests.xctest */;
			productType = "com.apple.product-type.bundle.unit-test";
		};
/* End PBXNativeTarget section */

/* Begin PBXProject section */
		110A550D1811FFEC00C372E3 /* Project object */ = {
			isa = PBXProject;
			attributes = {
				LastUpgradeCheck = 0500;
				ORGANIZATIONNAME = "Subash Dantuluri";
				TargetAttributes = {
					110A55141811FFEC00C372E3 = {
						DevelopmentTeam = C26APVFB2X;
					};
					110A55351811FFEC00C372E3 = {
						TestTargetID = 110A55141811FFEC00C372E3;
					};
				};
			};
			buildConfigurationList = 110A55101811FFEC00C372E3 /* Build configuration list for PBXProject "Vaccinations" */;
			compatibilityVersion = "Xcode 3.2";
			developmentRegion = English;
			hasScannedForEncodings = 0;
			knownRegions = (
				en,
				Base,
			);
			mainGroup = 110A550C1811FFEC00C372E3;
			productRefGroup = 110A55161811FFEC00C372E3 /* Products */;
			projectDirPath = "";
			projectRoot = "";
			targets = (
				110A55141811FFEC00C372E3 /* Vaccinations */,
				110A55351811FFEC00C372E3 /* VaccinationsTests */,
			);
		};
/* End PBXProject section */

/* Begin PBXResourcesBuildPhase section */
		110A55131811FFEC00C372E3 /* Resources */ = {
			isa = PBXResourcesBuildPhase;
			buildActionMask = 2147483647;
			files = (
				1160AD721812EEF0004C9D96 /* button-search.png in Resources */,
				11C3BAF51815EE6600F25C2A /* navbutton-search.png in Resources */,
				1160AD741812EEF0004C9D96 /* contentbox.png in Resources */,
				1160AD751812EEF0004C9D96 /* labelbar-green.png in Resources */,
				113E43601815FCAA00D803C6 /* Logo.png in Resources */,
				1160AD701812EEF0004C9D96 /* box-unchecked.png in Resources */,
				11C3BAF81815EE6600F25C2A /* white.jpg in Resources */,
				11C3BAF01815EE6600F25C2A /* navbutton-createnew.png in Resources */,
				11C3BAF31815EE6600F25C2A /* navbutton-scannew.png in Resources */,
				1160AD771812EEF0004C9D96 /* logo-small.png in Resources */,
				11C3BAF11815EE6600F25C2A /* navbutton-patienthistory.png in Resources */,
				1160AD711812EEF0004C9D96 /* button-login.png in Resources */,
				110A55311811FFEC00C372E3 /* Images.xcassets in Resources */,
				1160AD6F1812EEF0004C9D96 /* bottombar-lightblue.png in Resources */,
				11C3BAF71815EE6600F25C2A /* navbutton-vaccinesdue.png in Resources */,
				11C3BAF41815EE6600F25C2A /* navbutton-scanrecord.png in Resources */,
				1160AD761812EEF0004C9D96 /* logo-large.png in Resources */,
				11C3BAF21815EE6600F25C2A /* navbutton-scancode.png in Resources */,
				1160AD731812EEF0004C9D96 /* checkmark-green.png in Resources */,
				11C3BAF61815EE6600F25C2A /* navbutton-vaccineschedule.png in Resources */,
				110A55231811FFEC00C372E3 /* InfoPlist.strings in Resources */,
				D318CDB318198C650026DE8F /* ID-10072640.jpg in Resources */,
				110A552C1811FFEC00C372E3 /* Main.storyboard in Resources */,
			);
			runOnlyForDeploymentPostprocessing = 0;
		};
		110A55341811FFEC00C372E3 /* Resources */ = {
			isa = PBXResourcesBuildPhase;
			buildActionMask = 2147483647;
			files = (
				110A55421811FFEC00C372E3 /* InfoPlist.strings in Resources */,
			);
			runOnlyForDeploymentPostprocessing = 0;
		};
/* End PBXResourcesBuildPhase section */

/* Begin PBXShellScriptBuildPhase section */
		AC807B26D68E4D2B9D6D1A2B /* Check Pods Manifest.lock */ = {
			isa = PBXShellScriptBuildPhase;
			buildActionMask = 2147483647;
			files = (
			);
			inputPaths = (
			);
			name = "Check Pods Manifest.lock";
			outputPaths = (
			);
			runOnlyForDeploymentPostprocessing = 0;
			shellPath = /bin/sh;
			shellScript = "diff \"${PODS_ROOT}/../Podfile.lock\" \"${PODS_ROOT}/Manifest.lock\" > /dev/null\nif [[ $? != 0 ]] ; then\n    cat << EOM\nerror: The sandbox is not in sync with the Podfile.lock. Run 'pod install' or update your CocoaPods installation.\nEOM\n    exit 1\nfi\n";
			showEnvVarsInLog = 0;
		};
		B0A2D7BC54074918B50D29D0 /* Copy Pods Resources */ = {
			isa = PBXShellScriptBuildPhase;
			buildActionMask = 2147483647;
			files = (
			);
			inputPaths = (
			);
			name = "Copy Pods Resources";
			outputPaths = (
			);
			runOnlyForDeploymentPostprocessing = 0;
			shellPath = /bin/sh;
			shellScript = "\"${SRCROOT}/Pods/Pods-resources.sh\"\n";
			showEnvVarsInLog = 0;
		};
/* End PBXShellScriptBuildPhase section */

/* Begin PBXSourcesBuildPhase section */
		110A55111811FFEC00C372E3 /* Sources */ = {
			isa = PBXSourcesBuildPhase;
			buildActionMask = 2147483647;
			files = (
				110A552F1811FFEC00C372E3 /* ViewController.m in Sources */,
				112BD0A7181784050041AF00 /* PatientsHistoryListVC.m in Sources */,
				A0133213182096A300D41D61 /* ChildSearchContainerVC.m in Sources */,
				115E02A11813707A00937F3B /* ScanViewController.m in Sources */,
				115E029E1813705400937F3B /* CreateNewViewController.m in Sources */,
				112BD0AA181787370041AF00 /* VaccineScheduleListVC.m in Sources */,
				110A55291811FFEC00C372E3 /* AppDelegate.m in Sources */,
				115E029818136E3000937F3B /* QRScanViewController.m in Sources */,
				115E029418136A5400937F3B /* ForgotViewController.m in Sources */,
				110A55251811FFEC00C372E3 /* main.m in Sources */,
				112BD0A418172B680041AF00 /* VaccinesDueListVC.m in Sources */,
				115E02A41813731B00937F3B /* ChildListViewController.m in Sources */,
				110A554F1812040F00C372E3 /* MenuViewController.m in Sources */,
				115E029B18136E4100937F3B /* SearchViewController.m in Sources */,
				A06FDB8518137A3900212BA1 /* ChildDetailsViewController.m in Sources */,
			);
			runOnlyForDeploymentPostprocessing = 0;
		};
		110A55321811FFEC00C372E3 /* Sources */ = {
			isa = PBXSourcesBuildPhase;
			buildActionMask = 2147483647;
			files = (
				110A55441811FFEC00C372E3 /* VaccinationsTests.m in Sources */,
			);
			runOnlyForDeploymentPostprocessing = 0;
		};
/* End PBXSourcesBuildPhase section */

/* Begin PBXTargetDependency section */
		110A553C1811FFEC00C372E3 /* PBXTargetDependency */ = {
			isa = PBXTargetDependency;
			target = 110A55141811FFEC00C372E3 /* Vaccinations */;
			targetProxy = 110A553B1811FFEC00C372E3 /* PBXContainerItemProxy */;
		};
/* End PBXTargetDependency section */

/* Begin PBXVariantGroup section */
		110A55211811FFEC00C372E3 /* InfoPlist.strings */ = {
			isa = PBXVariantGroup;
			children = (
				110A55221811FFEC00C372E3 /* en */,
			);
			name = InfoPlist.strings;
			sourceTree = "<group>";
		};
		110A552A1811FFEC00C372E3 /* Main.storyboard */ = {
			isa = PBXVariantGroup;
			children = (
				110A552B1811FFEC00C372E3 /* Base */,
			);
			name = Main.storyboard;
			sourceTree = "<group>";
		};
		110A55401811FFEC00C372E3 /* InfoPlist.strings */ = {
			isa = PBXVariantGroup;
			children = (
				110A55411811FFEC00C372E3 /* en */,
			);
			name = InfoPlist.strings;
			sourceTree = "<group>";
		};
/* End PBXVariantGroup section */

/* Begin XCBuildConfiguration section */
		110A55451811FFEC00C372E3 /* Debug */ = {
			isa = XCBuildConfiguration;
			buildSettings = {
				ALWAYS_SEARCH_USER_PATHS = NO;
				ARCHS = "$(ARCHS_STANDARD_INCLUDING_64_BIT)";
				CLANG_CXX_LANGUAGE_STANDARD = "gnu++0x";
				CLANG_CXX_LIBRARY = "libc++";
				CLANG_ENABLE_MODULES = YES;
				CLANG_ENABLE_OBJC_ARC = YES;
				CLANG_WARN_BOOL_CONVERSION = YES;
				CLANG_WARN_CONSTANT_CONVERSION = YES;
				CLANG_WARN_DIRECT_OBJC_ISA_USAGE = YES_ERROR;
				CLANG_WARN_EMPTY_BODY = YES;
				CLANG_WARN_ENUM_CONVERSION = YES;
				CLANG_WARN_INT_CONVERSION = YES;
				CLANG_WARN_OBJC_ROOT_CLASS = YES_ERROR;
				CLANG_WARN__DUPLICATE_METHOD_MATCH = YES;
				"CODE_SIGN_IDENTITY[sdk=iphoneos*]" = "iPhone Developer";
				COPY_PHASE_STRIP = NO;
				GCC_C_LANGUAGE_STANDARD = gnu99;
				GCC_DYNAMIC_NO_PIC = NO;
				GCC_OPTIMIZATION_LEVEL = 0;
				GCC_PREPROCESSOR_DEFINITIONS = (
					"DEBUG=1",
					"$(inherited)",
				);
				GCC_SYMBOLS_PRIVATE_EXTERN = NO;
				GCC_WARN_64_TO_32_BIT_CONVERSION = YES;
				GCC_WARN_ABOUT_RETURN_TYPE = YES_ERROR;
				GCC_WARN_UNDECLARED_SELECTOR = YES;
				GCC_WARN_UNINITIALIZED_AUTOS = YES;
				GCC_WARN_UNUSED_FUNCTION = YES;
				GCC_WARN_UNUSED_VARIABLE = YES;
				IPHONEOS_DEPLOYMENT_TARGET = 7.0;
				ONLY_ACTIVE_ARCH = YES;
				SDKROOT = iphoneos;
				TARGETED_DEVICE_FAMILY = 2;
			};
			name = Debug;
		};
		110A55461811FFEC00C372E3 /* Release */ = {
			isa = XCBuildConfiguration;
			buildSettings = {
				ALWAYS_SEARCH_USER_PATHS = NO;
				ARCHS = "$(ARCHS_STANDARD_INCLUDING_64_BIT)";
				CLANG_CXX_LANGUAGE_STANDARD = "gnu++0x";
				CLANG_CXX_LIBRARY = "libc++";
				CLANG_ENABLE_MODULES = YES;
				CLANG_ENABLE_OBJC_ARC = YES;
				CLANG_WARN_BOOL_CONVERSION = YES;
				CLANG_WARN_CONSTANT_CONVERSION = YES;
				CLANG_WARN_DIRECT_OBJC_ISA_USAGE = YES_ERROR;
				CLANG_WARN_EMPTY_BODY = YES;
				CLANG_WARN_ENUM_CONVERSION = YES;
				CLANG_WARN_INT_CONVERSION = YES;
				CLANG_WARN_OBJC_ROOT_CLASS = YES_ERROR;
				CLANG_WARN__DUPLICATE_METHOD_MATCH = YES;
				"CODE_SIGN_IDENTITY[sdk=iphoneos*]" = "iPhone Developer";
				COPY_PHASE_STRIP = YES;
				ENABLE_NS_ASSERTIONS = NO;
				GCC_C_LANGUAGE_STANDARD = gnu99;
				GCC_WARN_64_TO_32_BIT_CONVERSION = YES;
				GCC_WARN_ABOUT_RETURN_TYPE = YES_ERROR;
				GCC_WARN_UNDECLARED_SELECTOR = YES;
				GCC_WARN_UNINITIALIZED_AUTOS = YES;
				GCC_WARN_UNUSED_FUNCTION = YES;
				GCC_WARN_UNUSED_VARIABLE = YES;
				IPHONEOS_DEPLOYMENT_TARGET = 7.0;
				SDKROOT = iphoneos;
				TARGETED_DEVICE_FAMILY = 2;
				VALIDATE_PRODUCT = YES;
			};
			name = Release;
		};
		110A55481811FFEC00C372E3 /* Debug */ = {
			isa = XCBuildConfiguration;
			baseConfigurationReference = 6604A4F47389415587BE3DAE /* Pods.xcconfig */;
			buildSettings = {
				ASSETCATALOG_COMPILER_APPICON_NAME = AppIcon;
				ASSETCATALOG_COMPILER_LAUNCHIMAGE_NAME = LaunchImage;
				CODE_SIGN_IDENTITY = "iPhone Developer";
				"CODE_SIGN_IDENTITY[sdk=iphoneos*]" = "iPhone Developer";
				GCC_PRECOMPILE_PREFIX_HEADER = YES;
				GCC_PREFIX_HEADER = "Vaccinations/Vaccinations-Prefix.pch";
				INFOPLIST_FILE = "Vaccinations/Vaccinations-Info.plist";
				PRODUCT_NAME = "$(TARGET_NAME)";
				PROVISIONING_PROFILE = "";
				WRAPPER_EXTENSION = app;
			};
			name = Debug;
		};
		110A55491811FFEC00C372E3 /* Release */ = {
			isa = XCBuildConfiguration;
			baseConfigurationReference = 6604A4F47389415587BE3DAE /* Pods.xcconfig */;
			buildSettings = {
				ASSETCATALOG_COMPILER_APPICON_NAME = AppIcon;
				ASSETCATALOG_COMPILER_LAUNCHIMAGE_NAME = LaunchImage;
				CODE_SIGN_IDENTITY = "iPhone Developer";
				"CODE_SIGN_IDENTITY[sdk=iphoneos*]" = "iPhone Developer";
				GCC_PRECOMPILE_PREFIX_HEADER = YES;
				GCC_PREFIX_HEADER = "Vaccinations/Vaccinations-Prefix.pch";
				INFOPLIST_FILE = "Vaccinations/Vaccinations-Info.plist";
				PRODUCT_NAME = "$(TARGET_NAME)";
				PROVISIONING_PROFILE = "";
				WRAPPER_EXTENSION = app;
			};
			name = Release;
		};
		110A554B1811FFEC00C372E3 /* Debug */ = {
			isa = XCBuildConfiguration;
			buildSettings = {
				ARCHS = "$(ARCHS_STANDARD_INCLUDING_64_BIT)";
				BUNDLE_LOADER = "$(BUILT_PRODUCTS_DIR)/Vaccinations.app/Vaccinations";
				FRAMEWORK_SEARCH_PATHS = (
					"$(SDKROOT)/Developer/Library/Frameworks",
					"$(inherited)",
					"$(DEVELOPER_FRAMEWORKS_DIR)",
				);
				GCC_PRECOMPILE_PREFIX_HEADER = YES;
				GCC_PREFIX_HEADER = "Vaccinations/Vaccinations-Prefix.pch";
				GCC_PREPROCESSOR_DEFINITIONS = (
					"DEBUG=1",
					"$(inherited)",
				);
				INFOPLIST_FILE = "VaccinationsTests/VaccinationsTests-Info.plist";
				PRODUCT_NAME = "$(TARGET_NAME)";
				TEST_HOST = "$(BUNDLE_LOADER)";
				WRAPPER_EXTENSION = xctest;
			};
			name = Debug;
		};
		110A554C1811FFEC00C372E3 /* Release */ = {
			isa = XCBuildConfiguration;
			buildSettings = {
				ARCHS = "$(ARCHS_STANDARD_INCLUDING_64_BIT)";
				BUNDLE_LOADER = "$(BUILT_PRODUCTS_DIR)/Vaccinations.app/Vaccinations";
				FRAMEWORK_SEARCH_PATHS = (
					"$(SDKROOT)/Developer/Library/Frameworks",
					"$(inherited)",
					"$(DEVELOPER_FRAMEWORKS_DIR)",
				);
				GCC_PRECOMPILE_PREFIX_HEADER = YES;
				GCC_PREFIX_HEADER = "Vaccinations/Vaccinations-Prefix.pch";
				INFOPLIST_FILE = "VaccinationsTests/VaccinationsTests-Info.plist";
				PRODUCT_NAME = "$(TARGET_NAME)";
				TEST_HOST = "$(BUNDLE_LOADER)";
				WRAPPER_EXTENSION = xctest;
			};
			name = Release;
		};
/* End XCBuildConfiguration section */

/* Begin XCConfigurationList section */
		110A55101811FFEC00C372E3 /* Build configuration list for PBXProject "Vaccinations" */ = {
			isa = XCConfigurationList;
			buildConfigurations = (
				110A55451811FFEC00C372E3 /* Debug */,
				110A55461811FFEC00C372E3 /* Release */,
			);
			defaultConfigurationIsVisible = 0;
			defaultConfigurationName = Release;
		};
		110A55471811FFEC00C372E3 /* Build configuration list for PBXNativeTarget "Vaccinations" */ = {
			isa = XCConfigurationList;
			buildConfigurations = (
				110A55481811FFEC00C372E3 /* Debug */,
				110A55491811FFEC00C372E3 /* Release */,
			);
			defaultConfigurationIsVisible = 0;
			defaultConfigurationName = Release;
		};
		110A554A1811FFEC00C372E3 /* Build configuration list for PBXNativeTarget "VaccinationsTests" */ = {
			isa = XCConfigurationList;
			buildConfigurations = (
				110A554B1811FFEC00C372E3 /* Debug */,
				110A554C1811FFEC00C372E3 /* Release */,
			);
			defaultConfigurationIsVisible = 0;
			defaultConfigurationName = Release;
		};
/* End XCConfigurationList section */
	};
	rootObject = 110A550D1811FFEC00C372E3 /* Project object */;
}
